
Microsoft Visual Studio Solution File, Format Version 12.00
# Visual Studio Version 16
VisualStudioVersion = 16.0.29926.136
MinimumVisualStudioVersion = 10.0.40219.1
Project("{FAE04EC0-301F-11D3-BF4B-00C04F79EFBC}") = "EzRDemo", "EzRDemo\EzRDemo.csproj", "{0172FB79-CA59-4E34-B0A2-9B90EB04524A}"
EndProject
Project("{FAE04EC0-301F-11D3-BF4B-00C04F79EFBC}") = "EzRUtility", "EzRUtility\EzRUtility.csproj", "{045E61E5-7A12-4BF4-B25A-2C0A06EABB87}"
EndProject
Global
	GlobalSection(SolutionConfigurationPlatforms) = preSolution
		Debug|Any CPU = Debug|Any CPU
		Debug|x64 = Debug|x64
		Release|Any CPU = Release|Any CPU
		Release|x64 = Release|x64
	EndGlobalSection
	GlobalSection(ProjectConfigurationPlatforms) = postSolution
		{0172FB79-CA59-4E34-B0A2-9B90EB04524A}.Debug|Any CPU.ActiveCfg = Debug|x64
		{0172FB79-CA59-4E34-B0A2-9B90EB04524A}.Debug|Any CPU.Build.0 = Debug|x64
		{0172FB79-CA59-4E34-B0A2-9B90EB04524A}.Debug|x64.ActiveCfg = Debug|x64
		{0172FB79-CA59-4E34-B0A2-9B90EB04524A}.Debug|x64.Build.0 = Debug|x64
		{0172FB79-CA59-4E34-B0A2-9B90EB04524A}.Release|Any CPU.ActiveCfg = Release|Any CPU
		{0172FB79-CA59-4E34-B0A2-9B90EB04524A}.Release|Any CPU.Build.0 = Release|Any CPU
		{0172FB79-CA59-4E34-B0A2-9B90EB04524A}.Release|x64.ActiveCfg = Release|x64
		{0172FB79-CA59-4E34-B0A2-9B90EB04524A}.Release|x64.Build.0 = Release|x64
		{045E61E5-7A12-4BF4-B25A-2C0A06EABB87}.Debug|Any CPU.ActiveCfg = Debug|Any CPU
		{045E61E5-7A12-4BF4-B25A-2C0A06EABB87}.Debug|Any CPU.Build.0 = Debug|Any CPU
		{045E61E5-7A12-4BF4-B25A-2C0A06EABB87}.Debug|x64.ActiveCfg = Debug|Any CPU
		{045E61E5-7A12-4BF4-B25A-2C0A06EABB87}.Debug|x64.Build.0 = Debug|Any CPU
		{045E61E5-7A12-4BF4-B25A-2C0A06EABB87}.Release|Any CPU.ActiveCfg = Release|Any CPU
		{045E61E5-7A12-4BF4-B25A-2C0A06EABB87}.Release|Any CPU.Build.0 = Release|Any CPU
		{045E61E5-7A12-4BF4-B25A-2C0A06EABB87}.Release|x64.ActiveCfg = Release|Any CPU
		{045E61E5-7A12-4BF4-B25A-2C0A06EABB87}.Release|x64.Build.0 = Release|Any CPU
	EndGlobalSection
	GlobalSection(SolutionProperties) = preSolution
		HideSolutionNode = FALSE
	EndGlobalSection
	GlobalSection(ExtensibilityGlobals) = postSolution
		SolutionGuid = {D1464402-5BDE-4E91-941A-DBF703D5CE25}
	EndGlobalSection
EndGlobal
